
Microsoft Visual Studio Solution File, Format Version 12.00
# Visual Studio Version 17
VisualStudioVersion = 17.12.35527.113
MinimumVisualStudioVersion = 10.0.40219.1
Project("{FAE04EC0-301F-11D3-BF4B-00C04F79EFBC}") = "GrpcRealTimeAssignment", "GrpcRealTimeAssignment\GrpcRealTimeAssignment.csproj", "{D5C11CAD-D0A6-4FC6-9261-F06F7998C9A8}"
EndProject
Project("{FAE04EC0-301F-11D3-BF4B-00C04F79EFBC}") = "Repository", "Repository\Repository.csproj", "{3F1C47BA-FFAE-49E1-85CE-DAEEB7F5C77B}"
EndProject
Project("{FAE04EC0-301F-11D3-BF4B-00C04F79EFBC}") = "Service", "Service\Service.csproj", "{B07358C9-CF3E-4EBF-A12C-8FFEB9EA1DF5}"
EndProject
Project("{FAE04EC0-301F-11D3-BF4B-00C04F79EFBC}") = "GrpcRealTimeApi", "GrpcRealTimeApi\GrpcRealTimeApi.csproj", "{A6CBA2C3-A16F-48B7-929C-271CD314FAF7}"
EndProject
Project("{E53339B2-1760-4266-BCC7-CA923CBCF16C}") = "docker-compose", "docker-compose.dcproj", "{7BDAE22F-3977-48CD-9965-4F21126C5DEF}"
EndProject
Global
	GlobalSection(SolutionConfigurationPlatforms) = preSolution
		Debug|Any CPU = Debug|Any CPU
		Release|Any CPU = Release|Any CPU
	EndGlobalSection
	GlobalSection(ProjectConfigurationPlatforms) = postSolution
		{D5C11CAD-D0A6-4FC6-9261-F06F7998C9A8}.Debug|Any CPU.ActiveCfg = Debug|Any CPU
		{D5C11CAD-D0A6-4FC6-9261-F06F7998C9A8}.Debug|Any CPU.Build.0 = Debug|Any CPU
		{D5C11CAD-D0A6-4FC6-9261-F06F7998C9A8}.Release|Any CPU.ActiveCfg = Release|Any CPU
		{D5C11CAD-D0A6-4FC6-9261-F06F7998C9A8}.Release|Any CPU.Build.0 = Release|Any CPU
		{3F1C47BA-FFAE-49E1-85CE-DAEEB7F5C77B}.Debug|Any CPU.ActiveCfg = Debug|Any CPU
		{3F1C47BA-FFAE-49E1-85CE-DAEEB7F5C77B}.Debug|Any CPU.Build.0 = Debug|Any CPU
		{3F1C47BA-FFAE-49E1-85CE-DAEEB7F5C77B}.Release|Any CPU.ActiveCfg = Release|Any CPU
		{3F1C47BA-FFAE-49E1-85CE-DAEEB7F5C77B}.Release|Any CPU.Build.0 = Release|Any CPU
		{B07358C9-CF3E-4EBF-A12C-8FFEB9EA1DF5}.Debug|Any CPU.ActiveCfg = Debug|Any CPU
		{B07358C9-CF3E-4EBF-A12C-8FFEB9EA1DF5}.Debug|Any CPU.Build.0 = Debug|Any CPU
		{B07358C9-CF3E-4EBF-A12C-8FFEB9EA1DF5}.Release|Any CPU.ActiveCfg = Release|Any CPU
		{B07358C9-CF3E-4EBF-A12C-8FFEB9EA1DF5}.Release|Any CPU.Build.0 = Release|Any CPU
		{A6CBA2C3-A16F-48B7-929C-271CD314FAF7}.Debug|Any CPU.ActiveCfg = Debug|Any CPU
		{A6CBA2C3-A16F-48B7-929C-271CD314FAF7}.Debug|Any CPU.Build.0 = Debug|Any CPU
		{A6CBA2C3-A16F-48B7-929C-271CD314FAF7}.Release|Any CPU.ActiveCfg = Release|Any CPU
		{A6CBA2C3-A16F-48B7-929C-271CD314FAF7}.Release|Any CPU.Build.0 = Release|Any CPU
		{7BDAE22F-3977-48CD-9965-4F21126C5DEF}.Debug|Any CPU.ActiveCfg = Debug|Any CPU
		{7BDAE22F-3977-48CD-9965-4F21126C5DEF}.Debug|Any CPU.Build.0 = Debug|Any CPU
		{7BDAE22F-3977-48CD-9965-4F21126C5DEF}.Release|Any CPU.ActiveCfg = Release|Any CPU
		{7BDAE22F-3977-48CD-9965-4F21126C5DEF}.Release|Any CPU.Build.0 = Release|Any CPU
	EndGlobalSection
	GlobalSection(SolutionProperties) = preSolution
		HideSolutionNode = FALSE
	EndGlobalSection
EndGlobal
